
Microsoft Visual Studio Solution File, Format Version 12.00
# Visual Studio Version 16
VisualStudioVersion = 16.0.30611.23
MinimumVisualStudioVersion = 10.0.40219.1
Project("{FAE04EC0-301F-11D3-BF4B-00C04F79EFBC}") = "PageSort.EFCore", "PageSort.EFCore\PageSort.EFCore.csproj", "{0CBC03D2-BACD-4A86-9AEE-5E617C9734F0}"
EndProject
Project("{2150E333-8FDC-42A3-9474-1A3956D46DE8}") = "Solution Items", "Solution Items", "{E804B4F6-9425-4B09-9024-4CAA5A472C47}"
	ProjectSection(SolutionItems) = preProject
		README.md = README.md
	EndProjectSection
EndProject
Global
	GlobalSection(SolutionConfigurationPlatforms) = preSolution
		Debug|Any CPU = Debug|Any CPU
		Release|Any CPU = Release|Any CPU
	EndGlobalSection
	GlobalSection(ProjectConfigurationPlatforms) = postSolution
		{0CBC03D2-BACD-4A86-9AEE-5E617C9734F0}.Debug|Any CPU.ActiveCfg = Debug|Any CPU
		{0CBC03D2-BACD-4A86-9AEE-5E617C9734F0}.Debug|Any CPU.Build.0 = Debug|Any CPU
		{0CBC03D2-BACD-4A86-9AEE-5E617C9734F0}.Release|Any CPU.ActiveCfg = Release|Any CPU
		{0CBC03D2-BACD-4A86-9AEE-5E617C9734F0}.Release|Any CPU.Build.0 = Release|Any CPU
	EndGlobalSection
	GlobalSection(SolutionProperties) = preSolution
		HideSolutionNode = FALSE
	EndGlobalSection
	GlobalSection(ExtensibilityGlobals) = postSolution
		SolutionGuid = {56723350-5C4C-4358-9364-6FC1F7FB7EE5}
	EndGlobalSection
EndGlobal
